
Microsoft Visual Studio Solution File, Format Version 12.00
# Visual Studio 2012
Project("{CC5FD16D-436D-48AD-A40C-5A424C6E3E79}") = "WindowsAzure1", "WindowsAzure1\WindowsAzure1.ccproj", "{05C794E0-8268-4A69-B133-8AE6B5EE081D}"
EndProject
Project("{FAE04EC0-301F-11D3-BF4B-00C04F79EFBC}") = "WorkerRole1", "WorkerRole1\WorkerRole1.csproj", "{D9A6339B-967E-453D-9259-76C3BF6D3A98}"
EndProject
Project("{FAE04EC0-301F-11D3-BF4B-00C04F79EFBC}") = "httpController", "httpController\httpController.csproj", "{FD7BB21A-9A7D-4E8B-94E4-974F71603075}"
EndProject
Project("{FAE04EC0-301F-11D3-BF4B-00C04F79EFBC}") = "vlcStreammer", "vlcStreammer\vlcStreammer.csproj", "{45FFD47C-5D41-491E-91E3-23EB252CB6CF}"
EndProject
Global
	GlobalSection(SolutionConfigurationPlatforms) = preSolution
		Debug|Any CPU = Debug|Any CPU
		Debug|Mixed Platforms = Debug|Mixed Platforms
		Debug|x86 = Debug|x86
		Release|Any CPU = Release|Any CPU
		Release|Mixed Platforms = Release|Mixed Platforms
		Release|x86 = Release|x86
	EndGlobalSection
	GlobalSection(ProjectConfigurationPlatforms) = postSolution
		{05C794E0-8268-4A69-B133-8AE6B5EE081D}.Debug|Any CPU.ActiveCfg = Debug|Any CPU
		{05C794E0-8268-4A69-B133-8AE6B5EE081D}.Debug|Any CPU.Build.0 = Debug|Any CPU
		{05C794E0-8268-4A69-B133-8AE6B5EE081D}.Debug|Mixed Platforms.ActiveCfg = Debug|Any CPU
		{05C794E0-8268-4A69-B133-8AE6B5EE081D}.Debug|Mixed Platforms.Build.0 = Debug|Any CPU
		{05C794E0-8268-4A69-B133-8AE6B5EE081D}.Debug|x86.ActiveCfg = Debug|Any CPU
		{05C794E0-8268-4A69-B133-8AE6B5EE081D}.Release|Any CPU.ActiveCfg = Release|Any CPU
		{05C794E0-8268-4A69-B133-8AE6B5EE081D}.Release|Any CPU.Build.0 = Release|Any CPU
		{05C794E0-8268-4A69-B133-8AE6B5EE081D}.Release|Mixed Platforms.ActiveCfg = Release|Any CPU
		{05C794E0-8268-4A69-B133-8AE6B5EE081D}.Release|Mixed Platforms.Build.0 = Release|Any CPU
		{05C794E0-8268-4A69-B133-8AE6B5EE081D}.Release|x86.ActiveCfg = Release|Any CPU
		{D9A6339B-967E-453D-9259-76C3BF6D3A98}.Debug|Any CPU.ActiveCfg = Debug|Any CPU
		{D9A6339B-967E-453D-9259-76C3BF6D3A98}.Debug|Any CPU.Build.0 = Debug|Any CPU
		{D9A6339B-967E-453D-9259-76C3BF6D3A98}.Debug|Mixed Platforms.ActiveCfg = Debug|Any CPU
		{D9A6339B-967E-453D-9259-76C3BF6D3A98}.Debug|Mixed Platforms.Build.0 = Debug|Any CPU
		{D9A6339B-967E-453D-9259-76C3BF6D3A98}.Debug|x86.ActiveCfg = Debug|Any CPU
		{D9A6339B-967E-453D-9259-76C3BF6D3A98}.Release|Any CPU.ActiveCfg = Release|Any CPU
		{D9A6339B-967E-453D-9259-76C3BF6D3A98}.Release|Any CPU.Build.0 = Release|Any CPU
		{D9A6339B-967E-453D-9259-76C3BF6D3A98}.Release|Mixed Platforms.ActiveCfg = Release|Any CPU
		{D9A6339B-967E-453D-9259-76C3BF6D3A98}.Release|Mixed Platforms.Build.0 = Release|Any CPU
		{D9A6339B-967E-453D-9259-76C3BF6D3A98}.Release|x86.ActiveCfg = Release|Any CPU
		{FD7BB21A-9A7D-4E8B-94E4-974F71603075}.Debug|Any CPU.ActiveCfg = Debug|Any CPU
		{FD7BB21A-9A7D-4E8B-94E4-974F71603075}.Debug|Any CPU.Build.0 = Debug|Any CPU
		{FD7BB21A-9A7D-4E8B-94E4-974F71603075}.Debug|Mixed Platforms.ActiveCfg = Debug|Any CPU
		{FD7BB21A-9A7D-4E8B-94E4-974F71603075}.Debug|Mixed Platforms.Build.0 = Debug|Any CPU
		{FD7BB21A-9A7D-4E8B-94E4-974F71603075}.Debug|x86.ActiveCfg = Debug|Any CPU
		{FD7BB21A-9A7D-4E8B-94E4-974F71603075}.Release|Any CPU.ActiveCfg = Release|Any CPU
		{FD7BB21A-9A7D-4E8B-94E4-974F71603075}.Release|Any CPU.Build.0 = Release|Any CPU
		{FD7BB21A-9A7D-4E8B-94E4-974F71603075}.Release|Mixed Platforms.ActiveCfg = Release|Any CPU
		{FD7BB21A-9A7D-4E8B-94E4-974F71603075}.Release|Mixed Platforms.Build.0 = Release|Any CPU
		{FD7BB21A-9A7D-4E8B-94E4-974F71603075}.Release|x86.ActiveCfg = Release|Any CPU
		{45FFD47C-5D41-491E-91E3-23EB252CB6CF}.Debug|Any CPU.ActiveCfg = Debug|Any CPU
		{45FFD47C-5D41-491E-91E3-23EB252CB6CF}.Debug|Any CPU.Build.0 = Debug|Any CPU
		{45FFD47C-5D41-491E-91E3-23EB252CB6CF}.Debug|Mixed Platforms.ActiveCfg = Debug|Any CPU
		{45FFD47C-5D41-491E-91E3-23EB252CB6CF}.Debug|Mixed Platforms.Build.0 = Debug|Any CPU
		{45FFD47C-5D41-491E-91E3-23EB252CB6CF}.Debug|x86.ActiveCfg = Debug|Any CPU
		{45FFD47C-5D41-491E-91E3-23EB252CB6CF}.Release|Any CPU.ActiveCfg = Release|Any CPU
		{45FFD47C-5D41-491E-91E3-23EB252CB6CF}.Release|Any CPU.Build.0 = Release|Any CPU
		{45FFD47C-5D41-491E-91E3-23EB252CB6CF}.Release|Mixed Platforms.ActiveCfg = Release|Any CPU
		{45FFD47C-5D41-491E-91E3-23EB252CB6CF}.Release|Mixed Platforms.Build.0 = Release|Any CPU
		{45FFD47C-5D41-491E-91E3-23EB252CB6CF}.Release|x86.ActiveCfg = Release|Any CPU
	EndGlobalSection
	GlobalSection(SolutionProperties) = preSolution
		HideSolutionNode = FALSE
	EndGlobalSection
EndGlobal
